image_tag=strix-firmware-worker:p2a
image_digest=sha256:da2ea1b6e9963f89fe17acc80cf7a2b2910c7c12430379ec0eee36454d97732f
base_image_reference=gcr.io/distroless/base-debian12@sha256:63f52bd27b6aa6555f5d56500b70d7bb0afe51c654905be88a2c1cf967a77b1a
base_image_digest=sha256:63f52bd27b6aa6555f5d56500b70d7bb0afe51c654905be88a2c1cf967a77b1a
worker_source_digest=decc9eca680faf00856a969ac91ed8e87492693c13d3163a7b050126a22042b1
protocol_version=1.0
manifest_schema_version=p2a-manifest-1
built_at_utc=2026-08-03T03:47:39Z
