image_tag=strix-firmware-worker:p2a
image_digest=sha256:75d851771b01e8fb97f30b0fc131e3cb740e39f0b8e08e3f68582e10d84da29f
base_image_reference=gcr.io/distroless/base-debian12@sha256:63f52bd27b6aa6555f5d56500b70d7bb0afe51c654905be88a2c1cf967a77b1a
base_image_digest=sha256:63f52bd27b6aa6555f5d56500b70d7bb0afe51c654905be88a2c1cf967a77b1a
worker_source_digest=66727358aff6a531a659e42c12f60db777d3cbbf22fc10e5fda7aa7e818591eb
protocol_version=1.0
manifest_schema_version=p2a-manifest-1
built_at_utc=2026-08-02T16:45:31Z
